
Microsoft Visual Studio Solution File, Format Version 12.00
# Visual Studio Version 17
VisualStudioVersion = 17.12.35309.182
MinimumVisualStudioVersion = 10.0.40219.1
Project("{2150E333-8FDC-42A3-9474-1A3956D46DE8}") = "FrontEnd", "FrontEnd", "{E159191E-312C-4E71-A931-CED7291E3E7F}"
EndProject
Project("{2150E333-8FDC-42A3-9474-1A3956D46DE8}") = "Gateway", "Gateway", "{45F417BB-FCDE-4604-8481-C6B46C4863BB}"
EndProject
Project("{2150E333-8FDC-42A3-9474-1A3956D46DE8}") = "Intergration", "Intergration", "{530BADE4-1C40-45B5-B5CE-50CDAFDDEEDA}"
EndProject
Project("{2150E333-8FDC-42A3-9474-1A3956D46DE8}") = "Services", "Services", "{80FEC4F9-A2A5-475F-9B87-887981EE0492}"
EndProject
Project("{FAE04EC0-301F-11D3-BF4B-00C04F79EFBC}") = "Mango.Services.CouponAPI", "Mango.Services.CouponAPI\Mango.Services.CouponAPI.csproj", "{22A1F5F3-91AB-4397-900A-2227AD64E8C2}"
EndProject
Global
	GlobalSection(SolutionConfigurationPlatforms) = preSolution
		Debug|Any CPU = Debug|Any CPU
		Release|Any CPU = Release|Any CPU
	EndGlobalSection
	GlobalSection(ProjectConfigurationPlatforms) = postSolution
		{22A1F5F3-91AB-4397-900A-2227AD64E8C2}.Debug|Any CPU.ActiveCfg = Debug|Any CPU
		{22A1F5F3-91AB-4397-900A-2227AD64E8C2}.Debug|Any CPU.Build.0 = Debug|Any CPU
		{22A1F5F3-91AB-4397-900A-2227AD64E8C2}.Release|Any CPU.ActiveCfg = Release|Any CPU
		{22A1F5F3-91AB-4397-900A-2227AD64E8C2}.Release|Any CPU.Build.0 = Release|Any CPU
	EndGlobalSection
	GlobalSection(SolutionProperties) = preSolution
		HideSolutionNode = FALSE
	EndGlobalSection
	GlobalSection(NestedProjects) = preSolution
		{22A1F5F3-91AB-4397-900A-2227AD64E8C2} = {80FEC4F9-A2A5-475F-9B87-887981EE0492}
	EndGlobalSection
	GlobalSection(ExtensibilityGlobals) = postSolution
		SolutionGuid = {4A83A928-9ED7-4151-A9E8-92F7C9813224}
	EndGlobalSection
EndGlobal
